# Generated by pub
# See https://dart.dev/tools/pub/glossary#lockfile
packages:
  _fe_analyzer_shared:
    dependency: transitive
    description:
      path: "C:\\/Users/Blues/AppData/Local/Pub/Cache/git/sdk-b526ad88eac384581f0bfc2223fad70819edacc6/pkg/_fe_analyzer_shared"
      relative: true
    source: path
    version: "9.0.0"
  _js_interop_checks:
    dependency: transitive
    description:
      path: "C:\\/Users/Blues/AppData/Local/Pub/Cache/git/sdk-b526ad88eac384581f0bfc2223fad70819edacc6/pkg/_js_interop_checks"
      relative: true
    source: path
    version: "0.0.0"
  args:
    dependency: "direct dev"
    description:
      name: args
      url: "https://pub.flutter-io.cn"
    source: hosted
    version: "1.6.0"
  async:
    dependency: transitive
    description:
      name: async
      url: "https://pub.flutter-io.cn"
    source: hosted
    version: "2.4.2"
  bazel_worker:
    dependency: transitive
    description:
      name: bazel_worker
      url: "https://pub.flutter-io.cn"
    source: hosted
    version: "0.1.25"
  build_integration:
    dependency: transitive
    description:
      path: "C:\\/Users/Blues/AppData/Local/Pub/Cache/git/sdk-b526ad88eac384581f0bfc2223fad70819edacc6/pkg/build_integration"
      relative: true
    source: path
    version: "0.0.0"
  charcode:
    dependency: transitive
    description:
      name: charcode
      url: "https://pub.flutter-io.cn"
    source: hosted
    version: "1.1.3"
  cli_util:
    dependency: transitive
    description:
      name: cli_util
      url: "https://pub.flutter-io.cn"
    source: hosted
    version: "0.2.0"
  collection:
    dependency: transitive
    description:
      name: collection
      url: "https://pub.flutter-io.cn"
    source: hosted
    version: "1.14.13"
  convert:
    dependency: transitive
    description:
      name: convert
      url: "https://pub.flutter-io.cn"
    source: hosted
    version: "2.1.1"
  crypto:
    dependency: transitive
    description:
      name: crypto
      url: "https://pub.flutter-io.cn"
    source: hosted
    version: "2.1.5"
  dev_compiler:
    dependency: "direct overridden"
    description:
      path: "pkg/dev_compiler"
      ref: "stable/v1.22.3"
      resolved-ref: b526ad88eac384581f0bfc2223fad70819edacc6
      url: "https://github.com/alibaba-flutter/sdk.git"
    source: git
    version: "0.0.0"
  fixnum:
    dependency: transitive
    description:
      name: fixnum
      url: "https://pub.flutter-io.cn"
    source: hosted
    version: "0.10.11"
  front_end:
    dependency: "direct dev"
    description:
      path: "pkg/front_end"
      ref: "stable/v1.22.3"
      resolved-ref: b526ad88eac384581f0bfc2223fad70819edacc6
      url: "https://github.com/alibaba-flutter/sdk.git"
    source: git
    version: "0.0.0"
  frontend_server:
    dependency: "direct overridden"
    description:
      path: "pkg/frontend_server"
      ref: "stable/v1.22.3"
      resolved-ref: b526ad88eac384581f0bfc2223fad70819edacc6
      url: "https://github.com/alibaba-flutter/sdk.git"
    source: git
    version: "0.0.0"
  kernel:
    dependency: "direct dev"
    description:
      path: "pkg/kernel"
      ref: "stable/v1.22.3"
      resolved-ref: b526ad88eac384581f0bfc2223fad70819edacc6
      url: "https://github.com/alibaba-flutter/sdk.git"
    source: git
    version: "0.0.0"
  meta:
    dependency: transitive
    description:
      name: meta
      url: "https://pub.flutter-io.cn"
    source: hosted
    version: "1.2.4"
  package_config:
    dependency: "direct dev"
    description:
      path: "third_party/pkg_tested/package_config"
      ref: "stable/v1.22.3"
      resolved-ref: b526ad88eac384581f0bfc2223fad70819edacc6
      url: "https://github.com/alibaba-flutter/sdk.git"
    source: git
    version: "1.9.3"
  path:
    dependency: transitive
    description:
      name: path
      url: "https://pub.flutter-io.cn"
    source: hosted
    version: "1.7.0"
  pedantic:
    dependency: transitive
    description:
      name: pedantic
      url: "https://pub.flutter-io.cn"
    source: hosted
    version: "1.9.2"
  protobuf:
    dependency: transitive
    description:
      name: protobuf
      url: "https://pub.flutter-io.cn"
    source: hosted
    version: "1.1.0"
  source_maps:
    dependency: transitive
    description:
      name: source_maps
      url: "https://pub.flutter-io.cn"
    source: hosted
    version: "0.10.9"
  source_span:
    dependency: transitive
    description:
      name: source_span
      url: "https://pub.flutter-io.cn"
    source: hosted
    version: "1.7.0"
  term_glyph:
    dependency: transitive
    description:
      name: term_glyph
      url: "https://pub.flutter-io.cn"
    source: hosted
    version: "1.1.0"
  typed_data:
    dependency: transitive
    description:
      name: typed_data
      url: "https://pub.flutter-io.cn"
    source: hosted
    version: "1.2.0"
  usage:
    dependency: transitive
    description:
      name: usage
      url: "https://pub.flutter-io.cn"
    source: hosted
    version: "3.4.2"
  vm:
    dependency: "direct overridden"
    description:
      path: "pkg/vm"
      ref: "stable/v1.22.3"
      resolved-ref: b526ad88eac384581f0bfc2223fad70819edacc6
      url: "https://github.com/alibaba-flutter/sdk.git"
    source: git
    version: "0.0.0"
sdks:
  dart: ">=2.7.0 <3.0.0"
  flutter: ">=1.17.0"
